github.com/a-h/date v0.0.0-20180930200909-8bf95294f26f h1:+2Ag6jBkYp/jH6MwG+OZL0NsLchZFKxGxr527mbYkjc=
github.com/a-h/date v0.0.0-20180930200909-8bf95294f26f/go.mod h1:U2qSWvAO/Ls3EOFLbJdIxr6yqnDkfgDQ/1PCKs5XG/s=
github.com/go-sql-driver/mysql v1.7.0 h1:ueSltNNllEqE3qcWBTD0iQd3IpL/6U+mJxLkazJ7YPc=
github.com/go-sql-driver/mysql v1.7.0/go.mod h1:OXbVy3sEdcQ2Doequ6Z5BW6fXNQTmx+9S1MCJN5yJMI=
github.com/gorilla/mux v1.8.0 h1:i40aqfkR1h2SlN9hojwV5ZA91wcXFOvkdNIeFDP5koI=
github.com/gorilla/mux v1.8.0/go.mod h1:DVbg23sWSpFRCP0SfiEN6jmj59UnW/n46BH5rLB71So=
